
Microsoft Visual Studio Solution File, Format Version 12.00
# Visual Studio 15
Project("{FAE04EC0-301F-11D3-BF4B-00C04F79EFBC}") = "LiquidySurfaceShader", "LiquidySurfaceShader.csproj", "{C1427DAA-E9A1-AB38-A172-35ABA66D45A4}"
EndProject
Project("{FAE04EC0-301F-11D3-BF4B-00C04F79EFBC}") = "LiquidySurfaceShader.Editor", "LiquidySurfaceShader.Editor.csproj", "{65DF1309-EF20-4866-CFD9-8866FAF7BD6B}"
EndProject
Global
	GlobalSection(SolutionConfigurationPlatforms) = preSolution
		Debug|Any CPU = Debug|Any CPU
		Release|Any CPU = Release|Any CPU
	EndGlobalSection
	GlobalSection(ProjectConfigurationPlatforms) = postSolution
		{C1427DAA-E9A1-AB38-A172-35ABA66D45A4}.Debug|Any CPU.ActiveCfg = Debug|Any CPU
		{C1427DAA-E9A1-AB38-A172-35ABA66D45A4}.Debug|Any CPU.Build.0 = Debug|Any CPU
		{C1427DAA-E9A1-AB38-A172-35ABA66D45A4}.Release|Any CPU.ActiveCfg = Release|Any CPU
		{C1427DAA-E9A1-AB38-A172-35ABA66D45A4}.Release|Any CPU.Build.0 = Release|Any CPU
		{65DF1309-EF20-4866-CFD9-8866FAF7BD6B}.Debug|Any CPU.ActiveCfg = Debug|Any CPU
		{65DF1309-EF20-4866-CFD9-8866FAF7BD6B}.Debug|Any CPU.Build.0 = Debug|Any CPU
		{65DF1309-EF20-4866-CFD9-8866FAF7BD6B}.Release|Any CPU.ActiveCfg = Release|Any CPU
		{65DF1309-EF20-4866-CFD9-8866FAF7BD6B}.Release|Any CPU.Build.0 = Release|Any CPU
	EndGlobalSection
	GlobalSection(SolutionProperties) = preSolution
		HideSolutionNode = FALSE
	EndGlobalSection
EndGlobal
